
Microsoft Visual Studio Solution File, Format Version 12.00
# Visual Studio Version 17
VisualStudioVersion = 17.2.32505.173
MinimumVisualStudioVersion = 10.0.40219.1
Project("{FAE04EC0-301F-11D3-BF4B-00C04F79EFBC}") = "FreeSpace", "FreeSpace\FreeSpace.csproj", "{9A4EEEC5-52ED-4BB6-9EB3-C7E454E732BB}"
EndProject
Global
	GlobalSection(SolutionConfigurationPlatforms) = preSolution
		Debug|Any CPU = Debug|Any CPU
		Release|Any CPU = Release|Any CPU
	EndGlobalSection
	GlobalSection(ProjectConfigurationPlatforms) = postSolution
		{9A4EEEC5-52ED-4BB6-9EB3-C7E454E732BB}.Debug|Any CPU.ActiveCfg = Debug|Any CPU
		{9A4EEEC5-52ED-4BB6-9EB3-C7E454E732BB}.Debug|Any CPU.Build.0 = Debug|Any CPU
		{9A4EEEC5-52ED-4BB6-9EB3-C7E454E732BB}.Release|Any CPU.ActiveCfg = Release|Any CPU
		{9A4EEEC5-52ED-4BB6-9EB3-C7E454E732BB}.Release|Any CPU.Build.0 = Release|Any CPU
	EndGlobalSection
	GlobalSection(SolutionProperties) = preSolution
		HideSolutionNode = FALSE
	EndGlobalSection
	GlobalSection(ExtensibilityGlobals) = postSolution
		SolutionGuid = {B0BC24C1-0063-4C84-980A-028F04871A6B}
	EndGlobalSection
EndGlobal
